<Solution>
  <Configurations>
    <Platform Name="x64" />
    <Platform Name="x86" />
  </Configurations>
  <Project Path="Conquer/Conquer.vcxproj" Id="c0ea4130-a1de-4e74-a178-b386652d542a" />
  <Project Path="ConquerKayanK/ConquerKayanK.vcxproj" Id="b01b274c-e2aa-42f8-84a7-87648772d41f" />
  <Project Path="Core/Core.vcxproj" Id="d8795c0a-6bfe-4ca8-af9e-fb1a0857fe97" />
  <Project Path="Game/Game.vcxproj" Id="f6e05148-226c-4a5b-85dc-a58e171db408" />
  <Project Path="Graphics/Graphics.vcxproj" Id="02841d0e-0e0c-45e2-a7d0-708e532c3b33" />
  <Project Path="Network/Network.vcxproj" Id="9c24ce62-1814-41c9-9865-f06b69d5303e" />
  <Project Path="Resource/Resource.vcxproj" Id="a1d43b4c-50a4-4ff8-8f2f-695c95468530" />
  <Project Path="UI/UI.vcxproj" Id="304662b4-a25a-476a-a5d8-5186602c867c" />
  <Project Path="World/World.vcxproj" Id="3ad00b35-699f-49d7-a3e0-8c3da88ff6f4" />
</Solution>
